# This file is automatically @generated by Cargo.
# It is not intended for manual editing.
version = 3

[[package]]
name = "codex-sk-cli"
version = "0.1.0"
dependencies = [
 "codex-sk-core",
 "codex-sk-protocol",
 "codex-sk-runtime",
]

[[package]]
name = "codex-sk-core"
version = "0.1.0"
dependencies = [
 "codex-sk-protocol",
]

[[package]]
name = "codex-sk-protocol"
version = "0.1.0"

[[package]]
name = "codex-sk-runtime"
version = "0.1.0"
dependencies = [
 "codex-sk-core",
 "codex-sk-protocol",
]
